
Microsoft Visual Studio Solution File, Format Version 12.00
# Visual Studio Version 16
VisualStudioVersion = 16.0.29411.108
MinimumVisualStudioVersion = 10.0.40219.1
Project("{9A19103F-16F7-4668-BE54-9A1E7A4F7556}") = "DynamicMock", "DynamicMock\DynamicMock.csproj", "{201186C4-4091-464C-8487-56D97FD555C0}"
EndProject
Project("{9A19103F-16F7-4668-BE54-9A1E7A4F7556}") = "Sample", "Sample\Sample.csproj", "{3129D719-FCFA-49C1-BC99-52161F0655A2}"
EndProject
Global
	GlobalSection(SolutionConfigurationPlatforms) = preSolution
		Debug|Any CPU = Debug|Any CPU
		Release|Any CPU = Release|Any CPU
	EndGlobalSection
	GlobalSection(ProjectConfigurationPlatforms) = postSolution
		{201186C4-4091-464C-8487-56D97FD555C0}.Debug|Any CPU.ActiveCfg = Debug|Any CPU
		{201186C4-4091-464C-8487-56D97FD555C0}.Debug|Any CPU.Build.0 = Debug|Any CPU
		{201186C4-4091-464C-8487-56D97FD555C0}.Release|Any CPU.ActiveCfg = Release|Any CPU
		{201186C4-4091-464C-8487-56D97FD555C0}.Release|Any CPU.Build.0 = Release|Any CPU
		{3129D719-FCFA-49C1-BC99-52161F0655A2}.Debug|Any CPU.ActiveCfg = Debug|Any CPU
		{3129D719-FCFA-49C1-BC99-52161F0655A2}.Debug|Any CPU.Build.0 = Debug|Any CPU
		{3129D719-FCFA-49C1-BC99-52161F0655A2}.Release|Any CPU.ActiveCfg = Release|Any CPU
		{3129D719-FCFA-49C1-BC99-52161F0655A2}.Release|Any CPU.Build.0 = Release|Any CPU
	EndGlobalSection
	GlobalSection(SolutionProperties) = preSolution
		HideSolutionNode = FALSE
	EndGlobalSection
	GlobalSection(ExtensibilityGlobals) = postSolution
		SolutionGuid = {8B8D8381-9990-47DB-ADB5-BE92119FED4C}
	EndGlobalSection
EndGlobal
